
Microsoft Visual Studio Solution File, Format Version 12.00
# Visual Studio 2013
VisualStudioVersion = 12.0.31101.0
MinimumVisualStudioVersion = 10.0.40219.1
Project("{FAE04EC0-301F-11D3-BF4B-00C04F79EFBC}") = "MusicPickerApp", "MusicPickerApp\MusicPickerApp\MusicPickerApp.csproj", "{3C348918-DCC5-4C2B-AB28-955C4513CEDE}"
EndProject
Project("{FAE04EC0-301F-11D3-BF4B-00C04F79EFBC}") = "MusicPickerApp.iOS", "MusicPickerApp\MusicPickerApp.iOS\MusicPickerApp.iOS.csproj", "{86A152B1-13F9-4AEA-A81A-49D6ED780922}"
EndProject
Project("{FAE04EC0-301F-11D3-BF4B-00C04F79EFBC}") = "MusicPickerApp.Droid", "MusicPickerApp\MusicPickerApp.Droid\MusicPickerApp.Droid.csproj", "{E75697E7-70C0-4A98-BA47-534C9F4E309D}"
EndProject
Project("{FAE04EC0-301F-11D3-BF4B-00C04F79EFBC}") = "MusicPickerApp.WinPhone", "MusicPickerApp\MusicPickerApp.WinPhone\MusicPickerApp.WinPhone.csproj", "{E1DBBD33-3E68-4E03-A5B2-4B3B3937B711}"
EndProject
Project("{FAE04EC0-301F-11D3-BF4B-00C04F79EFBC}") = "Xamarin.FormsBook.Toolkit", "Xamarin.FormsBook.Toolkit\Xamarin.FormsBook.Toolkit.csproj", "{67F9D3A8-F71E-4428-913F-C37AE82CDB24}"
EndProject
Global
	GlobalSection(SolutionConfigurationPlatforms) = preSolution
		Ad-Hoc|Any CPU = Ad-Hoc|Any CPU
		Ad-Hoc|ARM = Ad-Hoc|ARM
		Ad-Hoc|iPhone = Ad-Hoc|iPhone
		Ad-Hoc|iPhoneSimulator = Ad-Hoc|iPhoneSimulator
		Ad-Hoc|Mixed Platforms = Ad-Hoc|Mixed Platforms
		Ad-Hoc|x86 = Ad-Hoc|x86
		AppStore|Any CPU = AppStore|Any CPU
		AppStore|ARM = AppStore|ARM
		AppStore|iPhone = AppStore|iPhone
		AppStore|iPhoneSimulator = AppStore|iPhoneSimulator
		AppStore|Mixed Platforms = AppStore|Mixed Platforms
		AppStore|x86 = AppStore|x86
		Debug|Any CPU = Debug|Any CPU
		Debug|ARM = Debug|ARM
		Debug|iPhone = Debug|iPhone
		Debug|iPhoneSimulator = Debug|iPhoneSimulator
		Debug|Mixed Platforms = Debug|Mixed Platforms
		Debug|x86 = Debug|x86
		Release|Any CPU = Release|Any CPU
		Release|ARM = Release|ARM
		Release|iPhone = Release|iPhone
		Release|iPhoneSimulator = Release|iPhoneSimulator
		Release|Mixed Platforms = Release|Mixed Platforms
		Release|x86 = Release|x86
	EndGlobalSection
	GlobalSection(ProjectConfigurationPlatforms) = postSolution
		{3C348918-DCC5-4C2B-AB28-955C4513CEDE}.Ad-Hoc|Any CPU.ActiveCfg = Release|Any CPU
		{3C348918-DCC5-4C2B-AB28-955C4513CEDE}.Ad-Hoc|Any CPU.Build.0 = Release|Any CPU
		{3C348918-DCC5-4C2B-AB28-955C4513CEDE}.Ad-Hoc|ARM.ActiveCfg = Release|Any CPU
		{3C348918-DCC5-4C2B-AB28-955C4513CEDE}.Ad-Hoc|iPhone.ActiveCfg = Release|Any CPU
		{3C348918-DCC5-4C2B-AB28-955C4513CEDE}.Ad-Hoc|iPhoneSimulator.ActiveCfg = Release|Any CPU
		{3C348918-DCC5-4C2B-AB28-955C4513CEDE}.Ad-Hoc|Mixed Platforms.ActiveCfg = Release|Any CPU
		{3C348918-DCC5-4C2B-AB28-955C4513CEDE}.Ad-Hoc|Mixed Platforms.Build.0 = Release|Any CPU
		{3C348918-DCC5-4C2B-AB28-955C4513CEDE}.Ad-Hoc|x86.ActiveCfg = Release|Any CPU
		{3C348918-DCC5-4C2B-AB28-955C4513CEDE}.AppStore|Any CPU.ActiveCfg = Release|Any CPU
		{3C348918-DCC5-4C2B-AB28-955C4513CEDE}.AppStore|Any CPU.Build.0 = Release|Any CPU
		{3C348918-DCC5-4C2B-AB28-955C4513CEDE}.AppStore|ARM.ActiveCfg = Release|Any CPU
		{3C348918-DCC5-4C2B-AB28-955C4513CEDE}.AppStore|iPhone.ActiveCfg = Release|Any CPU
		{3C348918-DCC5-4C2B-AB28-955C4513CEDE}.AppStore|iPhoneSimulator.ActiveCfg = Release|Any CPU
		{3C348918-DCC5-4C2B-AB28-955C4513CEDE}.AppStore|Mixed Platforms.ActiveCfg = Release|Any CPU
		{3C348918-DCC5-4C2B-AB28-955C4513CEDE}.AppStore|Mixed Platforms.Build.0 = Release|Any CPU
		{3C348918-DCC5-4C2B-AB28-955C4513CEDE}.AppStore|x86.ActiveCfg = Release|Any CPU
		{3C348918-DCC5-4C2B-AB28-955C4513CEDE}.Debug|Any CPU.ActiveCfg = Debug|Any CPU
		{3C348918-DCC5-4C2B-AB28-955C4513CEDE}.Debug|Any CPU.Build.0 = Debug|Any CPU
		{3C348918-DCC5-4C2B-AB28-955C4513CEDE}.Debug|ARM.ActiveCfg = Debug|Any CPU
		{3C348918-DCC5-4C2B-AB28-955C4513CEDE}.Debug|iPhone.ActiveCfg = Debug|Any CPU
		{3C348918-DCC5-4C2B-AB28-955C4513CEDE}.Debug|iPhoneSimulator.ActiveCfg = Debug|Any CPU
		{3C348918-DCC5-4C2B-AB28-955C4513CEDE}.Debug|Mixed Platforms.ActiveCfg = Debug|Any CPU
		{3C348918-DCC5-4C2B-AB28-955C4513CEDE}.Debug|Mixed Platforms.Build.0 = Debug|Any CPU
		{3C348918-DCC5-4C2B-AB28-955C4513CEDE}.Debug|x86.ActiveCfg = Debug|Any CPU
		{3C348918-DCC5-4C2B-AB28-955C4513CEDE}.Release|Any CPU.ActiveCfg = Release|Any CPU
		{3C348918-DCC5-4C2B-AB28-955C4513CEDE}.Release|Any CPU.Build.0 = Release|Any CPU
		{3C348918-DCC5-4C2B-AB28-955C4513CEDE}.Release|ARM.ActiveCfg = Release|Any CPU
		{3C348918-DCC5-4C2B-AB28-955C4513CEDE}.Release|iPhone.ActiveCfg = Release|Any CPU
		{3C348918-DCC5-4C2B-AB28-955C4513CEDE}.Release|iPhoneSimulator.ActiveCfg = Release|Any CPU
		{3C348918-DCC5-4C2B-AB28-955C4513CEDE}.Release|Mixed Platforms.ActiveCfg = Release|Any CPU
		{3C348918-DCC5-4C2B-AB28-955C4513CEDE}.Release|Mixed Platforms.Build.0 = Release|Any CPU
		{3C348918-DCC5-4C2B-AB28-955C4513CEDE}.Release|x86.ActiveCfg = Release|Any CPU
		{86A152B1-13F9-4AEA-A81A-49D6ED780922}.Ad-Hoc|Any CPU.ActiveCfg = Ad-Hoc|iPhone
		{86A152B1-13F9-4AEA-A81A-49D6ED780922}.Ad-Hoc|ARM.ActiveCfg = Ad-Hoc|iPhone
		{86A152B1-13F9-4AEA-A81A-49D6ED780922}.Ad-Hoc|iPhone.ActiveCfg = Ad-Hoc|iPhone
		{86A152B1-13F9-4AEA-A81A-49D6ED780922}.Ad-Hoc|iPhone.Build.0 = Ad-Hoc|iPhone
		{86A152B1-13F9-4AEA-A81A-49D6ED780922}.Ad-Hoc|iPhoneSimulator.ActiveCfg = Ad-Hoc|iPhoneSimulator
		{86A152B1-13F9-4AEA-A81A-49D6ED780922}.Ad-Hoc|iPhoneSimulator.Build.0 = Ad-Hoc|iPhoneSimulator
		{86A152B1-13F9-4AEA-A81A-49D6ED780922}.Ad-Hoc|Mixed Platforms.ActiveCfg = Ad-Hoc|iPhone
		{86A152B1-13F9-4AEA-A81A-49D6ED780922}.Ad-Hoc|Mixed Platforms.Build.0 = Ad-Hoc|iPhone
		{86A152B1-13F9-4AEA-A81A-49D6ED780922}.Ad-Hoc|x86.ActiveCfg = Ad-Hoc|iPhone
		{86A152B1-13F9-4AEA-A81A-49D6ED780922}.AppStore|Any CPU.ActiveCfg = AppStore|iPhone
		{86A152B1-13F9-4AEA-A81A-49D6ED780922}.AppStore|ARM.ActiveCfg = AppStore|iPhone
		{86A152B1-13F9-4AEA-A81A-49D6ED780922}.AppStore|iPhone.ActiveCfg = AppStore|iPhone
		{86A152B1-13F9-4AEA-A81A-49D6ED780922}.AppStore|iPhone.Build.0 = AppStore|iPhone
		{86A152B1-13F9-4AEA-A81A-49D6ED780922}.AppStore|iPhoneSimulator.ActiveCfg = AppStore|iPhoneSimulator
		{86A152B1-13F9-4AEA-A81A-49D6ED780922}.AppStore|iPhoneSimulator.Build.0 = AppStore|iPhoneSimulator
		{86A152B1-13F9-4AEA-A81A-49D6ED780922}.AppStore|Mixed Platforms.ActiveCfg = AppStore|iPhone
		{86A152B1-13F9-4AEA-A81A-49D6ED780922}.AppStore|Mixed Platforms.Build.0 = AppStore|iPhone
		{86A152B1-13F9-4AEA-A81A-49D6ED780922}.AppStore|x86.ActiveCfg = AppStore|iPhone
		{86A152B1-13F9-4AEA-A81A-49D6ED780922}.Debug|Any CPU.ActiveCfg = Debug|iPhone
		{86A152B1-13F9-4AEA-A81A-49D6ED780922}.Debug|ARM.ActiveCfg = Debug|iPhone
		{86A152B1-13F9-4AEA-A81A-49D6ED780922}.Debug|iPhone.ActiveCfg = Debug|iPhone
		{86A152B1-13F9-4AEA-A81A-49D6ED780922}.Debug|iPhone.Build.0 = Debug|iPhone
		{86A152B1-13F9-4AEA-A81A-49D6ED780922}.Debug|iPhoneSimulator.ActiveCfg = Debug|iPhoneSimulator
		{86A152B1-13F9-4AEA-A81A-49D6ED780922}.Debug|iPhoneSimulator.Build.0 = Debug|iPhoneSimulator
		{86A152B1-13F9-4AEA-A81A-49D6ED780922}.Debug|Mixed Platforms.ActiveCfg = Debug|iPhone
		{86A152B1-13F9-4AEA-A81A-49D6ED780922}.Debug|Mixed Platforms.Build.0 = Debug|iPhone
		{86A152B1-13F9-4AEA-A81A-49D6ED780922}.Debug|x86.ActiveCfg = Debug|iPhone
		{86A152B1-13F9-4AEA-A81A-49D6ED780922}.Release|Any CPU.ActiveCfg = Release|iPhone
		{86A152B1-13F9-4AEA-A81A-49D6ED780922}.Release|ARM.ActiveCfg = Release|iPhone
		{86A152B1-13F9-4AEA-A81A-49D6ED780922}.Release|iPhone.ActiveCfg = Release|iPhone
		{86A152B1-13F9-4AEA-A81A-49D6ED780922}.Release|iPhone.Build.0 = Release|iPhone
		{86A152B1-13F9-4AEA-A81A-49D6ED780922}.Release|iPhoneSimulator.ActiveCfg = Release|iPhoneSimulator
		{86A152B1-13F9-4AEA-A81A-49D6ED780922}.Release|iPhoneSimulator.Build.0 = Release|iPhoneSimulator
		{86A152B1-13F9-4AEA-A81A-49D6ED780922}.Release|Mixed Platforms.ActiveCfg = Release|iPhone
		{86A152B1-13F9-4AEA-A81A-49D6ED780922}.Release|Mixed Platforms.Build.0 = Release|iPhone
		{86A152B1-13F9-4AEA-A81A-49D6ED780922}.Release|x86.ActiveCfg = Release|iPhone
		{E75697E7-70C0-4A98-BA47-534C9F4E309D}.Ad-Hoc|Any CPU.ActiveCfg = Release|Any CPU
		{E75697E7-70C0-4A98-BA47-534C9F4E309D}.Ad-Hoc|Any CPU.Build.0 = Release|Any CPU
		{E75697E7-70C0-4A98-BA47-534C9F4E309D}.Ad-Hoc|Any CPU.Deploy.0 = Release|Any CPU
		{E75697E7-70C0-4A98-BA47-534C9F4E309D}.Ad-Hoc|ARM.ActiveCfg = Release|Any CPU
		{E75697E7-70C0-4A98-BA47-534C9F4E309D}.Ad-Hoc|iPhone.ActiveCfg = Release|Any CPU
		{E75697E7-70C0-4A98-BA47-534C9F4E309D}.Ad-Hoc|iPhoneSimulator.ActiveCfg = Release|Any CPU
		{E75697E7-70C0-4A98-BA47-534C9F4E309D}.Ad-Hoc|Mixed Platforms.ActiveCfg = Release|Any CPU
		{E75697E7-70C0-4A98-BA47-534C9F4E309D}.Ad-Hoc|Mixed Platforms.Build.0 = Release|Any CPU
		{E75697E7-70C0-4A98-BA47-534C9F4E309D}.Ad-Hoc|Mixed Platforms.Deploy.0 = Release|Any CPU
		{E75697E7-70C0-4A98-BA47-534C9F4E309D}.Ad-Hoc|x86.ActiveCfg = Release|Any CPU
		{E75697E7-70C0-4A98-BA47-534C9F4E309D}.AppStore|Any CPU.ActiveCfg = Release|Any CPU
		{E75697E7-70C0-4A98-BA47-534C9F4E309D}.AppStore|Any CPU.Build.0 = Release|Any CPU
		{E75697E7-70C0-4A98-BA47-534C9F4E309D}.AppStore|Any CPU.Deploy.0 = Release|Any CPU
		{E75697E7-70C0-4A98-BA47-534C9F4E309D}.AppStore|ARM.ActiveCfg = Release|Any CPU
		{E75697E7-70C0-4A98-BA47-534C9F4E309D}.AppStore|iPhone.ActiveCfg = Release|Any CPU
		{E75697E7-70C0-4A98-BA47-534C9F4E309D}.AppStore|iPhoneSimulator.ActiveCfg = Release|Any CPU
		{E75697E7-70C0-4A98-BA47-534C9F4E309D}.AppStore|Mixed Platforms.ActiveCfg = Release|Any CPU
		{E75697E7-70C0-4A98-BA47-534C9F4E309D}.AppStore|Mixed Platforms.Build.0 = Release|Any CPU
		{E75697E7-70C0-4A98-BA47-534C9F4E309D}.AppStore|Mixed Platforms.Deploy.0 = Release|Any CPU
		{E75697E7-70C0-4A98-BA47-534C9F4E309D}.AppStore|x86.ActiveCfg = Release|Any CPU
		{E75697E7-70C0-4A98-BA47-534C9F4E309D}.Debug|Any CPU.ActiveCfg = Debug|Any CPU
		{E75697E7-70C0-4A98-BA47-534C9F4E309D}.Debug|Any CPU.Build.0 = Debug|Any CPU
		{E75697E7-70C0-4A98-BA47-534C9F4E309D}.Debug|Any CPU.Deploy.0 = Debug|Any CPU
		{E75697E7-70C0-4A98-BA47-534C9F4E309D}.Debug|ARM.ActiveCfg = Debug|Any CPU
		{E75697E7-70C0-4A98-BA47-534C9F4E309D}.Debug|iPhone.ActiveCfg = Debug|Any CPU
		{E75697E7-70C0-4A98-BA47-534C9F4E309D}.Debug|iPhoneSimulator.ActiveCfg = Debug|Any CPU
		{E75697E7-70C0-4A98-BA47-534C9F4E309D}.Debug|Mixed Platforms.ActiveCfg = Debug|Any CPU
		{E75697E7-70C0-4A98-BA47-534C9F4E309D}.Debug|Mixed Platforms.Build.0 = Debug|Any CPU
		{E75697E7-70C0-4A98-BA47-534C9F4E309D}.Debug|Mixed Platforms.Deploy.0 = Debug|Any CPU
		{E75697E7-70C0-4A98-BA47-534C9F4E309D}.Debug|x86.ActiveCfg = Debug|Any CPU
		{E75697E7-70C0-4A98-BA47-534C9F4E309D}.Release|Any CPU.ActiveCfg = Release|Any CPU
		{E75697E7-70C0-4A98-BA47-534C9F4E309D}.Release|Any CPU.Build.0 = Release|Any CPU
		{E75697E7-70C0-4A98-BA47-534C9F4E309D}.Release|Any CPU.Deploy.0 = Release|Any CPU
		{E75697E7-70C0-4A98-BA47-534C9F4E309D}.Release|ARM.ActiveCfg = Release|Any CPU
		{E75697E7-70C0-4A98-BA47-534C9F4E309D}.Release|iPhone.ActiveCfg = Release|Any CPU
		{E75697E7-70C0-4A98-BA47-534C9F4E309D}.Release|iPhoneSimulator.ActiveCfg = Release|Any CPU
		{E75697E7-70C0-4A98-BA47-534C9F4E309D}.Release|Mixed Platforms.ActiveCfg = Release|Any CPU
		{E75697E7-70C0-4A98-BA47-534C9F4E309D}.Release|Mixed Platforms.Build.0 = Release|Any CPU
		{E75697E7-70C0-4A98-BA47-534C9F4E309D}.Release|Mixed Platforms.Deploy.0 = Release|Any CPU
		{E75697E7-70C0-4A98-BA47-534C9F4E309D}.Release|x86.ActiveCfg = Release|Any CPU
		{E1DBBD33-3E68-4E03-A5B2-4B3B3937B711}.Ad-Hoc|Any CPU.ActiveCfg = Release|Any CPU
		{E1DBBD33-3E68-4E03-A5B2-4B3B3937B711}.Ad-Hoc|Any CPU.Build.0 = Release|Any CPU
		{E1DBBD33-3E68-4E03-A5B2-4B3B3937B711}.Ad-Hoc|Any CPU.Deploy.0 = Release|Any CPU
		{E1DBBD33-3E68-4E03-A5B2-4B3B3937B711}.Ad-Hoc|ARM.ActiveCfg = Release|ARM
		{E1DBBD33-3E68-4E03-A5B2-4B3B3937B711}.Ad-Hoc|ARM.Build.0 = Release|ARM
		{E1DBBD33-3E68-4E03-A5B2-4B3B3937B711}.Ad-Hoc|ARM.Deploy.0 = Release|ARM
		{E1DBBD33-3E68-4E03-A5B2-4B3B3937B711}.Ad-Hoc|iPhone.ActiveCfg = Release|Any CPU
		{E1DBBD33-3E68-4E03-A5B2-4B3B3937B711}.Ad-Hoc|iPhoneSimulator.ActiveCfg = Release|Any CPU
		{E1DBBD33-3E68-4E03-A5B2-4B3B3937B711}.Ad-Hoc|Mixed Platforms.ActiveCfg = Release|x86
		{E1DBBD33-3E68-4E03-A5B2-4B3B3937B711}.Ad-Hoc|Mixed Platforms.Build.0 = Release|x86
		{E1DBBD33-3E68-4E03-A5B2-4B3B3937B711}.Ad-Hoc|Mixed Platforms.Deploy.0 = Release|x86
		{E1DBBD33-3E68-4E03-A5B2-4B3B3937B711}.Ad-Hoc|x86.ActiveCfg = Release|x86
		{E1DBBD33-3E68-4E03-A5B2-4B3B3937B711}.Ad-Hoc|x86.Build.0 = Release|x86
		{E1DBBD33-3E68-4E03-A5B2-4B3B3937B711}.Ad-Hoc|x86.Deploy.0 = Release|x86
		{E1DBBD33-3E68-4E03-A5B2-4B3B3937B711}.AppStore|Any CPU.ActiveCfg = Release|Any CPU
		{E1DBBD33-3E68-4E03-A5B2-4B3B3937B711}.AppStore|Any CPU.Build.0 = Release|Any CPU
		{E1DBBD33-3E68-4E03-A5B2-4B3B3937B711}.AppStore|Any CPU.Deploy.0 = Release|Any CPU
		{E1DBBD33-3E68-4E03-A5B2-4B3B3937B711}.AppStore|ARM.ActiveCfg = Release|ARM
		{E1DBBD33-3E68-4E03-A5B2-4B3B3937B711}.AppStore|ARM.Build.0 = Release|ARM
		{E1DBBD33-3E68-4E03-A5B2-4B3B3937B711}.AppStore|ARM.Deploy.0 = Release|ARM
		{E1DBBD33-3E68-4E03-A5B2-4B3B3937B711}.AppStore|iPhone.ActiveCfg = Release|Any CPU
		{E1DBBD33-3E68-4E03-A5B2-4B3B3937B711}.AppStore|iPhoneSimulator.ActiveCfg = Release|Any CPU
		{E1DBBD33-3E68-4E03-A5B2-4B3B3937B711}.AppStore|Mixed Platforms.ActiveCfg = Release|x86
		{E1DBBD33-3E68-4E03-A5B2-4B3B3937B711}.AppStore|Mixed Platforms.Build.0 = Release|x86
		{E1DBBD33-3E68-4E03-A5B2-4B3B3937B711}.AppStore|Mixed Platforms.Deploy.0 = Release|x86
		{E1DBBD33-3E68-4E03-A5B2-4B3B3937B711}.AppStore|x86.ActiveCfg = Release|x86
		{E1DBBD33-3E68-4E03-A5B2-4B3B3937B711}.AppStore|x86.Build.0 = Release|x86
		{E1DBBD33-3E68-4E03-A5B2-4B3B3937B711}.AppStore|x86.Deploy.0 = Release|x86
		{E1DBBD33-3E68-4E03-A5B2-4B3B3937B711}.Debug|Any CPU.ActiveCfg = Debug|Any CPU
		{E1DBBD33-3E68-4E03-A5B2-4B3B3937B711}.Debug|Any CPU.Build.0 = Debug|Any CPU
		{E1DBBD33-3E68-4E03-A5B2-4B3B3937B711}.Debug|Any CPU.Deploy.0 = Debug|Any CPU
		{E1DBBD33-3E68-4E03-A5B2-4B3B3937B711}.Debug|ARM.ActiveCfg = Debug|ARM
		{E1DBBD33-3E68-4E03-A5B2-4B3B3937B711}.Debug|ARM.Build.0 = Debug|ARM
		{E1DBBD33-3E68-4E03-A5B2-4B3B3937B711}.Debug|ARM.Deploy.0 = Debug|ARM
		{E1DBBD33-3E68-4E03-A5B2-4B3B3937B711}.Debug|iPhone.ActiveCfg = Debug|Any CPU
		{E1DBBD33-3E68-4E03-A5B2-4B3B3937B711}.Debug|iPhoneSimulator.ActiveCfg = Debug|Any CPU
		{E1DBBD33-3E68-4E03-A5B2-4B3B3937B711}.Debug|Mixed Platforms.ActiveCfg = Debug|x86
		{E1DBBD33-3E68-4E03-A5B2-4B3B3937B711}.Debug|Mixed Platforms.Build.0 = Debug|x86
		{E1DBBD33-3E68-4E03-A5B2-4B3B3937B711}.Debug|Mixed Platforms.Deploy.0 = Debug|x86
		{E1DBBD33-3E68-4E03-A5B2-4B3B3937B711}.Debug|x86.ActiveCfg = Debug|x86
		{E1DBBD33-3E68-4E03-A5B2-4B3B3937B711}.Debug|x86.Build.0 = Debug|x86
		{E1DBBD33-3E68-4E03-A5B2-4B3B3937B711}.Debug|x86.Deploy.0 = Debug|x86
		{E1DBBD33-3E68-4E03-A5B2-4B3B3937B711}.Release|Any CPU.ActiveCfg = Release|Any CPU
		{E1DBBD33-3E68-4E03-A5B2-4B3B3937B711}.Release|Any CPU.Build.0 = Release|Any CPU
		{E1DBBD33-3E68-4E03-A5B2-4B3B3937B711}.Release|Any CPU.Deploy.0 = Release|Any CPU
		{E1DBBD33-3E68-4E03-A5B2-4B3B3937B711}.Release|ARM.ActiveCfg = Release|ARM
		{E1DBBD33-3E68-4E03-A5B2-4B3B3937B711}.Release|ARM.Build.0 = Release|ARM
		{E1DBBD33-3E68-4E03-A5B2-4B3B3937B711}.Release|ARM.Deploy.0 = Release|ARM
		{E1DBBD33-3E68-4E03-A5B2-4B3B3937B711}.Release|iPhone.ActiveCfg = Release|Any CPU
		{E1DBBD33-3E68-4E03-A5B2-4B3B3937B711}.Release|iPhoneSimulator.ActiveCfg = Release|Any CPU
		{E1DBBD33-3E68-4E03-A5B2-4B3B3937B711}.Release|Mixed Platforms.ActiveCfg = Release|x86
		{E1DBBD33-3E68-4E03-A5B2-4B3B3937B711}.Release|Mixed Platforms.Build.0 = Release|x86
		{E1DBBD33-3E68-4E03-A5B2-4B3B3937B711}.Release|Mixed Platforms.Deploy.0 = Release|x86
		{E1DBBD33-3E68-4E03-A5B2-4B3B3937B711}.Release|x86.ActiveCfg = Release|x86
		{E1DBBD33-3E68-4E03-A5B2-4B3B3937B711}.Release|x86.Build.0 = Release|x86
		{E1DBBD33-3E68-4E03-A5B2-4B3B3937B711}.Release|x86.Deploy.0 = Release|x86
		{67F9D3A8-F71E-4428-913F-C37AE82CDB24}.Ad-Hoc|Any CPU.ActiveCfg = Release|Any CPU
		{67F9D3A8-F71E-4428-913F-C37AE82CDB24}.Ad-Hoc|Any CPU.Build.0 = Release|Any CPU
		{67F9D3A8-F71E-4428-913F-C37AE82CDB24}.Ad-Hoc|ARM.ActiveCfg = Release|Any CPU
		{67F9D3A8-F71E-4428-913F-C37AE82CDB24}.Ad-Hoc|iPhone.ActiveCfg = Release|Any CPU
		{67F9D3A8-F71E-4428-913F-C37AE82CDB24}.Ad-Hoc|iPhoneSimulator.ActiveCfg = Release|Any CPU
		{67F9D3A8-F71E-4428-913F-C37AE82CDB24}.Ad-Hoc|Mixed Platforms.ActiveCfg = Release|Any CPU
		{67F9D3A8-F71E-4428-913F-C37AE82CDB24}.Ad-Hoc|Mixed Platforms.Build.0 = Release|Any CPU
		{67F9D3A8-F71E-4428-913F-C37AE82CDB24}.Ad-Hoc|x86.ActiveCfg = Release|Any CPU
		{67F9D3A8-F71E-4428-913F-C37AE82CDB24}.AppStore|Any CPU.ActiveCfg = Release|Any CPU
		{67F9D3A8-F71E-4428-913F-C37AE82CDB24}.AppStore|Any CPU.Build.0 = Release|Any CPU
		{67F9D3A8-F71E-4428-913F-C37AE82CDB24}.AppStore|ARM.ActiveCfg = Release|Any CPU
		{67F9D3A8-F71E-4428-913F-C37AE82CDB24}.AppStore|iPhone.ActiveCfg = Release|Any CPU
		{67F9D3A8-F71E-4428-913F-C37AE82CDB24}.AppStore|iPhoneSimulator.ActiveCfg = Release|Any CPU
		{67F9D3A8-F71E-4428-913F-C37AE82CDB24}.AppStore|Mixed Platforms.ActiveCfg = Release|Any CPU
		{67F9D3A8-F71E-4428-913F-C37AE82CDB24}.AppStore|Mixed Platforms.Build.0 = Release|Any CPU
		{67F9D3A8-F71E-4428-913F-C37AE82CDB24}.AppStore|x86.ActiveCfg = Release|Any CPU
		{67F9D3A8-F71E-4428-913F-C37AE82CDB24}.Debug|Any CPU.ActiveCfg = Debug|Any CPU
		{67F9D3A8-F71E-4428-913F-C37AE82CDB24}.Debug|Any CPU.Build.0 = Debug|Any CPU
		{67F9D3A8-F71E-4428-913F-C37AE82CDB24}.Debug|ARM.ActiveCfg = Debug|Any CPU
		{67F9D3A8-F71E-4428-913F-C37AE82CDB24}.Debug|iPhone.ActiveCfg = Debug|Any CPU
		{67F9D3A8-F71E-4428-913F-C37AE82CDB24}.Debug|iPhoneSimulator.ActiveCfg = Debug|Any CPU
		{67F9D3A8-F71E-4428-913F-C37AE82CDB24}.Debug|Mixed Platforms.ActiveCfg = Debug|Any CPU
		{67F9D3A8-F71E-4428-913F-C37AE82CDB24}.Debug|Mixed Platforms.Build.0 = Debug|Any CPU
		{67F9D3A8-F71E-4428-913F-C37AE82CDB24}.Debug|x86.ActiveCfg = Debug|Any CPU
		{67F9D3A8-F71E-4428-913F-C37AE82CDB24}.Release|Any CPU.ActiveCfg = Release|Any CPU
		{67F9D3A8-F71E-4428-913F-C37AE82CDB24}.Release|Any CPU.Build.0 = Release|Any CPU
		{67F9D3A8-F71E-4428-913F-C37AE82CDB24}.Release|ARM.ActiveCfg = Release|Any CPU
		{67F9D3A8-F71E-4428-913F-C37AE82CDB24}.Release|iPhone.ActiveCfg = Release|Any CPU
		{67F9D3A8-F71E-4428-913F-C37AE82CDB24}.Release|iPhoneSimulator.ActiveCfg = Release|Any CPU
		{67F9D3A8-F71E-4428-913F-C37AE82CDB24}.Release|Mixed Platforms.ActiveCfg = Release|Any CPU
		{67F9D3A8-F71E-4428-913F-C37AE82CDB24}.Release|Mixed Platforms.Build.0 = Release|Any CPU
		{67F9D3A8-F71E-4428-913F-C37AE82CDB24}.Release|x86.ActiveCfg = Release|Any CPU
	EndGlobalSection
	GlobalSection(SolutionProperties) = preSolution
		HideSolutionNode = FALSE
	EndGlobalSection
EndGlobal
